
Microsoft Visual Studio Solution File, Format Version 12.00
# Visual Studio Version 17
VisualStudioVersion = 17.0.32014.148
MinimumVisualStudioVersion = 10.0.40219.1
Project("{FAE04EC0-301F-11D3-BF4B-00C04F79EFBC}") = "AspNetCoreWithReact", "AspNetCoreWithReact.csproj", "{40A3E7E3-F2D2-4395-9026-28905A4ACE88}"
EndProject
Global
	GlobalSection(SolutionConfigurationPlatforms) = preSolution
		Debug|Any CPU = Debug|Any CPU
		Release|Any CPU = Release|Any CPU
	EndGlobalSection
	GlobalSection(ProjectConfigurationPlatforms) = postSolution
		{40A3E7E3-F2D2-4395-9026-28905A4ACE88}.Debug|Any CPU.ActiveCfg = Debug|Any CPU
		{40A3E7E3-F2D2-4395-9026-28905A4ACE88}.Debug|Any CPU.Build.0 = Debug|Any CPU
		{40A3E7E3-F2D2-4395-9026-28905A4ACE88}.Release|Any CPU.ActiveCfg = Release|Any CPU
		{40A3E7E3-F2D2-4395-9026-28905A4ACE88}.Release|Any CPU.Build.0 = Release|Any CPU
	EndGlobalSection
	GlobalSection(SolutionProperties) = preSolution
		HideSolutionNode = FALSE
	EndGlobalSection
	GlobalSection(ExtensibilityGlobals) = postSolution
		SolutionGuid = {BFC25DD5-A1F3-4F18-B9B4-C80D46687004}
	EndGlobalSection
EndGlobal
